{
  "lockfileVersion": 1,
  "configVersion": 1,
  "workspaces": {
    "": {
      "dependencies": {
        "@logtape/logtape": "^2.0.4",
        "pretty-ms": "^9.3.0",
        "uuid": "^13.0.0",
        "zod": "^4.3.6",
      },
      "devDependencies": {
        "@biomejs/biome": "2.4.4",
        "@openai/codex": "^0.106.0",
        "@types/bun": "^1.3.9",
        "@typescript/native-preview": "^7.0.0-dev.20260228.1",
      },
    },
  },
  "packages": {
    "@biomejs/biome": ["@biomejs/biome@2.4.4", "", { "optionalDependencies": { "@biomejs/cli-darwin-arm64": "2.4.4", "@biomejs/cli-darwin-x64": "2.4.4", "@biomejs/cli-linux-arm64": "2.4.4", "@biomejs/cli-linux-arm64-musl": "2.4.4", "@biomejs/cli-linux-x64": "2.4.4", "@biomejs/cli-linux-x64-musl": "2.4.4", "@biomejs/cli-win32-arm64": "2.4.4", "@biomejs/cli-win32-x64": "2.4.4" }, "bin": { "biome": "bin/biome" } }, "sha512-tigwWS5KfJf0cABVd52NVaXyAVv4qpUXOWJ1rxFL8xF1RVoeS2q/LK+FHgYoKMclJCuRoCWAPy1IXaN9/mS61Q=="],

    "@biomejs/cli-darwin-arm64": ["@biomejs/cli-darwin-arm64@2.4.4", "", { "os": "darwin", "cpu": "arm64" }, "sha512-jZ+Xc6qvD6tTH5jM6eKX44dcbyNqJHssfl2nnwT6vma6B1sj7ZLTGIk6N5QwVBs5xGN52r3trk5fgd3sQ9We9A=="],

    "@biomejs/cli-darwin-x64": ["@biomejs/cli-darwin-x64@2.4.4", "", { "os": "darwin", "cpu": "x64" }, "sha512-Dh1a/+W+SUCXhEdL7TiX3ArPTFCQKJTI1mGncZNWfO+6suk+gYA4lNyJcBB+pwvF49uw0pEbUS49BgYOY4hzUg=="],

    "@biomejs/cli-linux-arm64": ["@biomejs/cli-linux-arm64@2.4.4", "", { "os": "linux", "cpu": "arm64" }, "sha512-V/NFfbWhsUU6w+m5WYbBenlEAz8eYnSqRMDMAW3K+3v0tYVkNyZn8VU0XPxk/lOqNXLSCCrV7FmV/u3SjCBShg=="],

    "@biomejs/cli-linux-arm64-musl": ["@biomejs/cli-linux-arm64-musl@2.4.4", "", { "os": "linux", "cpu": "arm64" }, "sha512-+sPAXq3bxmFwhVFJnSwkSF5Rw2ZAJMH3MF6C9IveAEOdSpgajPhoQhbbAK12SehN9j2QrHpk4J/cHsa/HqWaYQ=="],

    "@biomejs/cli-linux-x64": ["@biomejs/cli-linux-x64@2.4.4", "", { "os": "linux", "cpu": "x64" }, "sha512-R4+ZCDtG9kHArasyBO+UBD6jr/FcFCTH8QkNTOCu0pRJzCWyWC4EtZa2AmUZB5h3e0jD7bRV2KvrENcf8rndBg=="],

    "@biomejs/cli-linux-x64-musl": ["@biomejs/cli-linux-x64-musl@2.4.4", "", { "os": "linux", "cpu": "x64" }, "sha512-gGvFTGpOIQDb5CQ2VC0n9Z2UEqlP46c4aNgHmAMytYieTGEcfqhfCFnhs6xjt0S3igE6q5GLuIXtdQt3Izok+g=="],

    "@biomejs/cli-win32-arm64": ["@biomejs/cli-win32-arm64@2.4.4", "", { "os": "win32", "cpu": "arm64" }, "sha512-trzCqM7x+Gn832zZHgr28JoYagQNX4CZkUZhMUac2YxvvyDRLJDrb5m9IA7CaZLlX6lTQmADVfLEKP1et1Ma4Q=="],

    "@biomejs/cli-win32-x64": ["@biomejs/cli-win32-x64@2.4.4", "", { "os": "win32", "cpu": "x64" }, "sha512-gnOHKVPFAAPrpoPt2t+Q6FZ7RPry/FDV3GcpU53P3PtLNnQjBmKyN2Vh/JtqXet+H4pme8CC76rScwdjDcT1/A=="],

    "@logtape/logtape": ["@logtape/logtape@2.0.4", "", {}, "sha512-Z4COeAMdedcBFuFkXaPFvDPOVuHoEom1hwNnPCIkSyojyikuNguplwPoSG+kZthWrS7GiOJo1USQyjWwIFfTKA=="],

    "@openai/codex": ["@openai/codex@0.106.0", "", { "optionalDependencies": { "@openai/codex-darwin-arm64": "npm:@openai/codex@0.106.0-darwin-arm64", "@openai/codex-darwin-x64": "npm:@openai/codex@0.106.0-darwin-x64", "@openai/codex-linux-arm64": "npm:@openai/codex@0.106.0-linux-arm64", "@openai/codex-linux-x64": "npm:@openai/codex@0.106.0-linux-x64", "@openai/codex-win32-arm64": "npm:@openai/codex@0.106.0-win32-arm64", "@openai/codex-win32-x64": "npm:@openai/codex@0.106.0-win32-x64" }, "bin": { "codex": "bin/codex.js" } }, "sha512-GgzVs+mOaJfAFalI+QqEXcuJuBODhIg217g+B5jg6HMujux3Q4yeSki57x8MD/DJ43hRq9X1DTyZL/345Bo0Ag=="],

    "@openai/codex-darwin-arm64": ["@openai/codex@0.106.0-darwin-arm64", "", { "os": "darwin", "cpu": "arm64" }, "sha512-icTUe8ZKRH2RqO2qS/FPNLMP1TloxbfM/5RxGRjh2xkd8wXDvYFeEnP2siKKLISFT49+oIbT0phUeSPR2Tlg4A=="],

    "@openai/codex-darwin-x64": ["@openai/codex@0.106.0-darwin-x64", "", { "os": "darwin", "cpu": "x64" }, "sha512-i9/V2CEfH3QlhZkA/iG/Sw8eR8I8uvH23AoIrd91/LbFX77aAjzg7rSdshU6thhdy2fhiyPjKq23/bVk5cvh5g=="],

    "@openai/codex-linux-arm64": ["@openai/codex@0.106.0-linux-arm64", "", { "os": "linux", "cpu": "arm64" }, "sha512-l/xmB0w+LTf9c/0CLEkQclUfPNsOlPENR0lxiATSv9vGaQdCi/P3MEI+L1iOMWn2Nx7o04foCfkSJiKV38n4DQ=="],

    "@openai/codex-linux-x64": ["@openai/codex@0.106.0-linux-x64", "", { "os": "linux", "cpu": "x64" }, "sha512-cVNGR8nlnW4V+2ofDt8+Q1mbR7JwxZGvSWjXJ+9GvEt0DBEO0Q5KRIsJa6iSYqTcH6V5oBcTFiK//+HDbTaFNQ=="],

    "@openai/codex-win32-arm64": ["@openai/codex@0.106.0-win32-arm64", "", { "os": "win32", "cpu": "arm64" }, "sha512-8CBtM8Nr4gDqQNKl4VK/+vRv9Mj+Et0pMZqEKFXZ+3Vwovs3lFDsuDET4XQ1trk11UejFNpPCk9Tle9P99hGTw=="],

    "@openai/codex-win32-x64": ["@openai/codex@0.106.0-win32-x64", "", { "os": "win32", "cpu": "x64" }, "sha512-fF1AKwRDf6t54OmEgMf3JyaJrFWUozeYBa3W/0P6LkaTfCz68zrajL5yO78mhf/rf9eAb83PIkvej0EHBzTheQ=="],

    "@types/bun": ["@types/bun@1.3.9", "", { "dependencies": { "bun-types": "1.3.9" } }, "sha512-KQ571yULOdWJiMH+RIWIOZ7B2RXQGpL1YQrBtLIV3FqDcCu6FsbFUBwhdKUlCKUpS3PJDsHlJ1QKlpxoVR+xtw=="],

    "@types/node": ["@types/node@25.3.3", "", { "dependencies": { "undici-types": "~7.18.0" } }, "sha512-DpzbrH7wIcBaJibpKo9nnSQL0MTRdnWttGyE5haGwK86xgMOkFLp7vEyfQPGLOJh5wNYiJ3V9PmUMDhV9u8kkQ=="],

    "@typescript/native-preview": ["@typescript/native-preview@7.0.0-dev.20260228.1", "", { "optionalDependencies": { "@typescript/native-preview-darwin-arm64": "7.0.0-dev.20260228.1", "@typescript/native-preview-darwin-x64": "7.0.0-dev.20260228.1", "@typescript/native-preview-linux-arm": "7.0.0-dev.20260228.1", "@typescript/native-preview-linux-arm64": "7.0.0-dev.20260228.1", "@typescript/native-preview-linux-x64": "7.0.0-dev.20260228.1", "@typescript/native-preview-win32-arm64": "7.0.0-dev.20260228.1", "@typescript/native-preview-win32-x64": "7.0.0-dev.20260228.1" }, "bin": { "tsgo": "bin/tsgo.js" } }, "sha512-kEUE54Shr4VfD1aVlxBkT9EVRkdSklINPxcUdFDwWQYh+uNRfgM/KmGUapbhCnoaat8ALRv30X6r6Eu3WiEhGg=="],

    "@typescript/native-preview-darwin-arm64": ["@typescript/native-preview-darwin-arm64@7.0.0-dev.20260228.1", "", { "os": "darwin", "cpu": "arm64" }, "sha512-WzU0dbBNrEC/qS/axWxcxSosQNg422SdEq/aPf/98RDjYQVy1ILH0UU1aOyzROujPyUBPeVho71MrFEhb9uh6g=="],

    "@typescript/native-preview-darwin-x64": ["@typescript/native-preview-darwin-x64@7.0.0-dev.20260228.1", "", { "os": "darwin", "cpu": "x64" }, "sha512-6QJ3PApmZoc87exMhashVL/gjNG+1Ph5OkUT3GXblM5PucXdEuVr1d86TC0O31EBbqUWWKUbp+U/BiTko1gOHw=="],

    "@typescript/native-preview-linux-arm": ["@typescript/native-preview-linux-arm@7.0.0-dev.20260228.1", "", { "os": "linux", "cpu": "arm" }, "sha512-H2rKa7vjt/kfzlz+sdXW5VU/f8PcemCbW4JLcAi4esSUSDYDNsOHYCgLdrOrvUA9IBK86kunkTsJVvKJLpy+jQ=="],

    "@typescript/native-preview-linux-arm64": ["@typescript/native-preview-linux-arm64@7.0.0-dev.20260228.1", "", { "os": "linux", "cpu": "arm64" }, "sha512-oVJ689FnZuwm0+MEFtbWcI9kqCfU8+7/z23d2SgMl5M4NKYk5CqUsOtm6IGwZRRLJONKhmSdAzOCSbMN9UTLEg=="],

    "@typescript/native-preview-linux-x64": ["@typescript/native-preview-linux-x64@7.0.0-dev.20260228.1", "", { "os": "linux", "cpu": "x64" }, "sha512-W4/N02tp9CSd+ZO5p6KyyKqXmqMA2vtVcvnjBLyPDZQ4KgUAeRMJFzH/7ME2BN3BxZCplX5WFXfmI6fkc+1z+w=="],

    "@typescript/native-preview-win32-arm64": ["@typescript/native-preview-win32-arm64@7.0.0-dev.20260228.1", "", { "os": "win32", "cpu": "arm64" }, "sha512-AB6NhxIInyeIzINJLhIzNo4qQOEHp/YvATptTK6vcngBq9syb2ST6UAMIAtl2Vj1m9wjMpUyHzzcJK/1c1MemA=="],

    "@typescript/native-preview-win32-x64": ["@typescript/native-preview-win32-x64@7.0.0-dev.20260228.1", "", { "os": "win32", "cpu": "x64" }, "sha512-9Wq1d0ZbrJcF6NoODw4+SRNdcZtKMmm2w32Wlo+r6ZIziBF5HFWvJcwGXNE0pbFpX6H/Gs8dhLaDKZU2dLoWOA=="],

    "bun-types": ["bun-types@1.3.9", "", { "dependencies": { "@types/node": "*" } }, "sha512-+UBWWOakIP4Tswh0Bt0QD0alpTY8cb5hvgiYeWCMet9YukHbzuruIEeXC2D7nMJPB12kbh8C7XJykSexEqGKJg=="],

    "parse-ms": ["parse-ms@4.0.0", "", {}, "sha512-TXfryirbmq34y8QBwgqCVLi+8oA3oWx2eAnSn62ITyEhEYaWRlVZ2DvMM9eZbMs/RfxPu/PK/aBLyGj4IrqMHw=="],

    "pretty-ms": ["pretty-ms@9.3.0", "", { "dependencies": { "parse-ms": "^4.0.0" } }, "sha512-gjVS5hOP+M3wMm5nmNOucbIrqudzs9v/57bWRHQWLYklXqoXKrVfYW2W9+glfGsqtPgpiz5WwyEEB+ksXIx3gQ=="],

    "undici-types": ["undici-types@7.18.2", "", {}, "sha512-AsuCzffGHJybSaRrmr5eHr81mwJU3kjw6M+uprWvCXiNeN9SOGwQ3Jn8jb8m3Z6izVgknn1R0FTCEAP2QrLY/w=="],

    "uuid": ["uuid@13.0.0", "", { "bin": { "uuid": "dist-node/bin/uuid" } }, "sha512-XQegIaBTVUjSHliKqcnFqYypAd4S+WCYt5NIeRs6w/UAry7z8Y9j5ZwRRL4kzq9U3sD6v+85er9FvkEaBpji2w=="],

    "zod": ["zod@4.3.6", "", {}, "sha512-rftlrkhHZOcjDwkGlnUtZZkvaPHCsDATp4pGpuOOMDaTdDDXF91wuVDJoWoPsKX/3YPQ5fHuF3STjcYyKr+Qhg=="],
  }
}
